
Microsoft Visual Studio Solution File, Format Version 12.00
# Visual Studio Version 17
VisualStudioVersion = 17.13.36105.23
MinimumVisualStudioVersion = 10.0.40219.1
Project("{FAE04EC0-301F-11D3-BF4B-00C04F79EFBC}") = "CoreBanking.AppHost.AppHost", "CoreBanking.AppHost\CoreBanking.AppHost.AppHost\CoreBanking.AppHost.AppHost.csproj", "{8A6AC0A2-C023-4F21-91A6-D8489280E26C}"
EndProject
Project("{FAE04EC0-301F-11D3-BF4B-00C04F79EFBC}") = "CoreBanking.AppHost.ServiceDefaults", "CoreBanking.AppHost\CoreBanking.AppHost.ServiceDefaults\CoreBanking.AppHost.ServiceDefaults.csproj", "{BB25823E-2BFF-8DDD-E7E7-12459033CDA8}"
EndProject
Project("{FAE04EC0-301F-11D3-BF4B-00C04F79EFBC}") = "CoreBanking.API", "CoreBanking.API\CoreBanking.API.csproj", "{27D75A09-40AB-C42C-4449-90BEAA68764C}"
EndProject
Project("{FAE04EC0-301F-11D3-BF4B-00C04F79EFBC}") = "CoreBanking.Infrastructure", "CoreBanking.Infrastructure\CoreBanking.Infrastructure.csproj", "{95DE9C23-F968-46FD-8330-D34F20814235}"
EndProject
Project("{FAE04EC0-301F-11D3-BF4B-00C04F79EFBC}") = "CoreBanking.MigrationService", "CoreBanking.MigrationService\CoreBanking.MigrationService.csproj", "{81025B4B-E262-4B76-FC3C-373931113A48}"
EndProject
Project("{FAE04EC0-301F-11D3-BF4B-00C04F79EFBC}") = "CoreBanking.UnitTests", "CoreBanking.UnitTest\CoreBanking.UnitTests.csproj", "{F1605338-709D-40A7-AD82-3CA93A67E5F6}"
EndProject
Project("{FAE04EC0-301F-11D3-BF4B-00C04F79EFBC}") = "CoreBanking.IntegrationTests", "CoreBanking.IntegrationTests\CoreBanking.IntegrationTests.csproj", "{3E28CB1E-EE82-405B-891B-BA1C257926D4}"
EndProject
Global
	GlobalSection(SolutionConfigurationPlatforms) = preSolution
		Debug|Any CPU = Debug|Any CPU
		Release|Any CPU = Release|Any CPU
	EndGlobalSection
	GlobalSection(ProjectConfigurationPlatforms) = postSolution
		{8A6AC0A2-C023-4F21-91A6-D8489280E26C}.Debug|Any CPU.ActiveCfg = Debug|Any CPU
		{8A6AC0A2-C023-4F21-91A6-D8489280E26C}.Debug|Any CPU.Build.0 = Debug|Any CPU
		{8A6AC0A2-C023-4F21-91A6-D8489280E26C}.Release|Any CPU.ActiveCfg = Release|Any CPU
		{8A6AC0A2-C023-4F21-91A6-D8489280E26C}.Release|Any CPU.Build.0 = Release|Any CPU
		{BB25823E-2BFF-8DDD-E7E7-12459033CDA8}.Debug|Any CPU.ActiveCfg = Debug|Any CPU
		{BB25823E-2BFF-8DDD-E7E7-12459033CDA8}.Debug|Any CPU.Build.0 = Debug|Any CPU
		{BB25823E-2BFF-8DDD-E7E7-12459033CDA8}.Release|Any CPU.ActiveCfg = Release|Any CPU
		{BB25823E-2BFF-8DDD-E7E7-12459033CDA8}.Release|Any CPU.Build.0 = Release|Any CPU
		{27D75A09-40AB-C42C-4449-90BEAA68764C}.Debug|Any CPU.ActiveCfg = Debug|Any CPU
		{27D75A09-40AB-C42C-4449-90BEAA68764C}.Debug|Any CPU.Build.0 = Debug|Any CPU
		{27D75A09-40AB-C42C-4449-90BEAA68764C}.Release|Any CPU.ActiveCfg = Release|Any CPU
		{27D75A09-40AB-C42C-4449-90BEAA68764C}.Release|Any CPU.Build.0 = Release|Any CPU
		{95DE9C23-F968-46FD-8330-D34F20814235}.Debug|Any CPU.ActiveCfg = Debug|Any CPU
		{95DE9C23-F968-46FD-8330-D34F20814235}.Debug|Any CPU.Build.0 = Debug|Any CPU
		{95DE9C23-F968-46FD-8330-D34F20814235}.Release|Any CPU.ActiveCfg = Release|Any CPU
		{95DE9C23-F968-46FD-8330-D34F20814235}.Release|Any CPU.Build.0 = Release|Any CPU
		{81025B4B-E262-4B76-FC3C-373931113A48}.Debug|Any CPU.ActiveCfg = Debug|Any CPU
		{81025B4B-E262-4B76-FC3C-373931113A48}.Debug|Any CPU.Build.0 = Debug|Any CPU
		{81025B4B-E262-4B76-FC3C-373931113A48}.Release|Any CPU.ActiveCfg = Release|Any CPU
		{81025B4B-E262-4B76-FC3C-373931113A48}.Release|Any CPU.Build.0 = Release|Any CPU
		{F1605338-709D-40A7-AD82-3CA93A67E5F6}.Debug|Any CPU.ActiveCfg = Debug|Any CPU
		{F1605338-709D-40A7-AD82-3CA93A67E5F6}.Debug|Any CPU.Build.0 = Debug|Any CPU
		{F1605338-709D-40A7-AD82-3CA93A67E5F6}.Release|Any CPU.ActiveCfg = Release|Any CPU
		{F1605338-709D-40A7-AD82-3CA93A67E5F6}.Release|Any CPU.Build.0 = Release|Any CPU
		{3E28CB1E-EE82-405B-891B-BA1C257926D4}.Debug|Any CPU.ActiveCfg = Debug|Any CPU
		{3E28CB1E-EE82-405B-891B-BA1C257926D4}.Debug|Any CPU.Build.0 = Debug|Any CPU
		{3E28CB1E-EE82-405B-891B-BA1C257926D4}.Release|Any CPU.ActiveCfg = Release|Any CPU
		{3E28CB1E-EE82-405B-891B-BA1C257926D4}.Release|Any CPU.Build.0 = Release|Any CPU
	EndGlobalSection
	GlobalSection(SolutionProperties) = preSolution
		HideSolutionNode = FALSE
	EndGlobalSection
	GlobalSection(ExtensibilityGlobals) = postSolution
		SolutionGuid = {2F16BA86-F0B8-4C27-A855-234A8732D074}
	EndGlobalSection
EndGlobal
